{
  "name": "primeng-calendar-mode-toggle-directive-using-renderer",
  "version": "1.0.0",
  "lockfileVersion": 1,
  "requires": true,
  "dependencies": {
    "@angular/core": {
      "version": "11.2.14",
      "resolved": "https://registry.npmjs.org/@angular/core/-/core-11.2.14.tgz",
      "integrity": "sha512-vpR4XqBGitk1Faph37CSpemwIYTmJ3pdIVNoHKP6jLonpWu+0azkchf0f7oD8/2ivj2F81opcIw0tcsy/D/5Vg==",
      "requires": {
        "tslib": "^2.0.0"
      }
    },
    "primeng": {
      "version": "11.4.5",
      "resolved": "https://registry.npmjs.org/primeng/-/primeng-11.4.5.tgz",
      "integrity": "sha512-7f5LDHrvFsJA4670Ftmib5ndDxTqcaQiM88XXJrjWYNGjXsXT3Yc5g9fgPvDrg2D38/jjpcSYeW9kalNcvlbrQ==",
      "requires": {
        "tslib": "^2.0.0"
      }
    },
    "tslib": {
      "version": "2.3.1",
      "resolved": "https://registry.npmjs.org/tslib/-/tslib-2.3.1.tgz",
      "integrity": "sha512-77EbyPPpMz+FRFRuAFlWMtmgUWGe9UOG2Z25NqCwiIjRhOf5iKGuzSe5P2w1laq+FkRy4p+PCuVkJSGkzTEKVw=="
    }
  }
}
